
Microsoft Visual Studio Solution File, Format Version 12.00
# Visual Studio Version 16
VisualStudioVersion = 16.0.30907.101
MinimumVisualStudioVersion = 10.0.40219.1
Project("{8BC9CEB8-8B4A-11D0-8D11-00A0C91BC942}") = "SFML Game - ZEAL", "SFML Game - ZEAL.vcxproj", "{B43D1B23-D55B-472E-8E36-813165B7E04E}"
EndProject
Global
	GlobalSection(SolutionConfigurationPlatforms) = preSolution
		Debug|x64 = Debug|x64
		Debug|x86 = Debug|x86
		Release|x64 = Release|x64
		Release|x86 = Release|x86
	EndGlobalSection
	GlobalSection(ProjectConfigurationPlatforms) = postSolution
		{B43D1B23-D55B-472E-8E36-813165B7E04E}.Debug|x64.ActiveCfg = Debug|x64
		{B43D1B23-D55B-472E-8E36-813165B7E04E}.Debug|x64.Build.0 = Debug|x64
		{B43D1B23-D55B-472E-8E36-813165B7E04E}.Debug|x86.ActiveCfg = Debug|Win32
		{B43D1B23-D55B-472E-8E36-813165B7E04E}.Debug|x86.Build.0 = Debug|Win32
		{B43D1B23-D55B-472E-8E36-813165B7E04E}.Release|x64.ActiveCfg = Release|x64
		{B43D1B23-D55B-472E-8E36-813165B7E04E}.Release|x64.Build.0 = Release|x64
		{B43D1B23-D55B-472E-8E36-813165B7E04E}.Release|x86.ActiveCfg = Release|Win32
		{B43D1B23-D55B-472E-8E36-813165B7E04E}.Release|x86.Build.0 = Release|Win32
	EndGlobalSection
	GlobalSection(SolutionProperties) = preSolution
		HideSolutionNode = FALSE
	EndGlobalSection
	GlobalSection(ExtensibilityGlobals) = postSolution
		SolutionGuid = {C4AEEC54-A922-4785-82F9-91963A101D76}
	EndGlobalSection
EndGlobal
